
Microsoft Visual Studio Solution File, Format Version 12.00
# Visual Studio Version 17
VisualStudioVersion = 17.13.35931.197
MinimumVisualStudioVersion = 10.0.40219.1
Project("{2150E333-8FDC-42A3-9474-1A3956D46DE8}") = "Libraries", "Libraries", "{02EA681E-C7D8-13C7-8484-4AC65E1B71E8}"
EndProject
Project("{2150E333-8FDC-42A3-9474-1A3956D46DE8}") = "Presentantion", "Presentantion", "{6A5C8867-E4B3-405E-9BDD-8B2FEECDA20B}"
EndProject
Project("{FAE04EC0-301F-11D3-BF4B-00C04F79EFBC}") = "InsuranceApi", "src\InsuranceApi\InsuranceApi.csproj", "{EFFAB79C-A708-49EA-AB63-8DA6A0697BE8}"
EndProject
Project("{FAE04EC0-301F-11D3-BF4B-00C04F79EFBC}") = "InsuranceApi.Core", "src\InsuranceApi.Core\InsuranceApi.Core.csproj", "{61A76E4A-F1C2-412C-B400-67D684ED6731}"
EndProject
Project("{FAE04EC0-301F-11D3-BF4B-00C04F79EFBC}") = "InsuranceApi.Application", "src\InsuranceApi.Application\InsuranceApi.Application.csproj", "{C50F6726-E690-4AB9-902F-60EAC869DB35}"
EndProject
Project("{FAE04EC0-301F-11D3-BF4B-00C04F79EFBC}") = "InsuranceApi.Infra.Data", "src\InsuranceApi.Infra.Data\InsuranceApi.Infra.Data.csproj", "{6CB6222E-F2EB-499E-B614-CAE73BBE8136}"
EndProject
Project("{FAE04EC0-301F-11D3-BF4B-00C04F79EFBC}") = "InsuranceApi.Infra.IoC", "src\InsuranceApi.Infra.IoC\InsuranceApi.Infra.IoC.csproj", "{3D21D3BC-9066-43AA-AD7E-96AC6AEB27ED}"
EndProject
Project("{FAE04EC0-301F-11D3-BF4B-00C04F79EFBC}") = "InsuranceApi.Service.Client", "src\InsuranceApi.Service.Client\InsuranceApi.Service.Client.csproj", "{55728445-441D-4091-9123-8A2B738AEDE5}"
EndProject
Global
	GlobalSection(SolutionConfigurationPlatforms) = preSolution
		Debug|Any CPU = Debug|Any CPU
		Release|Any CPU = Release|Any CPU
	EndGlobalSection
	GlobalSection(ProjectConfigurationPlatforms) = postSolution
		{EFFAB79C-A708-49EA-AB63-8DA6A0697BE8}.Debug|Any CPU.ActiveCfg = Debug|Any CPU
		{EFFAB79C-A708-49EA-AB63-8DA6A0697BE8}.Debug|Any CPU.Build.0 = Debug|Any CPU
		{EFFAB79C-A708-49EA-AB63-8DA6A0697BE8}.Release|Any CPU.ActiveCfg = Release|Any CPU
		{EFFAB79C-A708-49EA-AB63-8DA6A0697BE8}.Release|Any CPU.Build.0 = Release|Any CPU
		{61A76E4A-F1C2-412C-B400-67D684ED6731}.Debug|Any CPU.ActiveCfg = Debug|Any CPU
		{61A76E4A-F1C2-412C-B400-67D684ED6731}.Debug|Any CPU.Build.0 = Debug|Any CPU
		{61A76E4A-F1C2-412C-B400-67D684ED6731}.Release|Any CPU.ActiveCfg = Release|Any CPU
		{61A76E4A-F1C2-412C-B400-67D684ED6731}.Release|Any CPU.Build.0 = Release|Any CPU
		{C50F6726-E690-4AB9-902F-60EAC869DB35}.Debug|Any CPU.ActiveCfg = Debug|Any CPU
		{C50F6726-E690-4AB9-902F-60EAC869DB35}.Debug|Any CPU.Build.0 = Debug|Any CPU
		{C50F6726-E690-4AB9-902F-60EAC869DB35}.Release|Any CPU.ActiveCfg = Release|Any CPU
		{C50F6726-E690-4AB9-902F-60EAC869DB35}.Release|Any CPU.Build.0 = Release|Any CPU
		{6CB6222E-F2EB-499E-B614-CAE73BBE8136}.Debug|Any CPU.ActiveCfg = Debug|Any CPU
		{6CB6222E-F2EB-499E-B614-CAE73BBE8136}.Debug|Any CPU.Build.0 = Debug|Any CPU
		{6CB6222E-F2EB-499E-B614-CAE73BBE8136}.Release|Any CPU.ActiveCfg = Release|Any CPU
		{6CB6222E-F2EB-499E-B614-CAE73BBE8136}.Release|Any CPU.Build.0 = Release|Any CPU
		{3D21D3BC-9066-43AA-AD7E-96AC6AEB27ED}.Debug|Any CPU.ActiveCfg = Debug|Any CPU
		{3D21D3BC-9066-43AA-AD7E-96AC6AEB27ED}.Debug|Any CPU.Build.0 = Debug|Any CPU
		{3D21D3BC-9066-43AA-AD7E-96AC6AEB27ED}.Release|Any CPU.ActiveCfg = Release|Any CPU
		{3D21D3BC-9066-43AA-AD7E-96AC6AEB27ED}.Release|Any CPU.Build.0 = Release|Any CPU
		{55728445-441D-4091-9123-8A2B738AEDE5}.Debug|Any CPU.ActiveCfg = Debug|Any CPU
		{55728445-441D-4091-9123-8A2B738AEDE5}.Debug|Any CPU.Build.0 = Debug|Any CPU
		{55728445-441D-4091-9123-8A2B738AEDE5}.Release|Any CPU.ActiveCfg = Release|Any CPU
		{55728445-441D-4091-9123-8A2B738AEDE5}.Release|Any CPU.Build.0 = Release|Any CPU
	EndGlobalSection
	GlobalSection(SolutionProperties) = preSolution
		HideSolutionNode = FALSE
	EndGlobalSection
	GlobalSection(NestedProjects) = preSolution
		{EFFAB79C-A708-49EA-AB63-8DA6A0697BE8} = {6A5C8867-E4B3-405E-9BDD-8B2FEECDA20B}
		{61A76E4A-F1C2-412C-B400-67D684ED6731} = {02EA681E-C7D8-13C7-8484-4AC65E1B71E8}
		{C50F6726-E690-4AB9-902F-60EAC869DB35} = {02EA681E-C7D8-13C7-8484-4AC65E1B71E8}
		{6CB6222E-F2EB-499E-B614-CAE73BBE8136} = {02EA681E-C7D8-13C7-8484-4AC65E1B71E8}
		{3D21D3BC-9066-43AA-AD7E-96AC6AEB27ED} = {02EA681E-C7D8-13C7-8484-4AC65E1B71E8}
		{55728445-441D-4091-9123-8A2B738AEDE5} = {02EA681E-C7D8-13C7-8484-4AC65E1B71E8}
	EndGlobalSection
	GlobalSection(ExtensibilityGlobals) = postSolution
		SolutionGuid = {16407DA1-644E-4D1A-BF2A-73669E5B5C32}
	EndGlobalSection
EndGlobal
